// !$*UTF8*$!
{
	archiveVersion = 1;
	classes = {
	};
	objectVersion = 46;
	objects = {

/* Begin PBXBuildFile section */
		24E8901F1BF68BD800E2503F /* main.m in Sources */ = {isa = PBXBuildFile; fileRef = 24E8901E1BF68BD800E2503F /* main.m */; };
		24E890221BF68BD800E2503F /* AppDelegate.m in Sources */ = {isa = PBXBuildFile; fileRef = 24E890211BF68BD800E2503F /* AppDelegate.m */; };
		24E890251BF68BD800E2503F /* ViewController.m in Sources */ = {isa = PBXBuildFile; fileRef = 24E890241BF68BD800E2503F /* ViewController.m */; };
		24E890281BF68BD800E2503F /* Main.storyboard in Resources */ = {isa = PBXBuildFile; fileRef = 24E890261BF68BD800E2503F /* Main.storyboard */; };
		24E8902A1BF68BD800E2503F /* Assets.xcassets in Resources */ = {isa = PBXBuildFile; fileRef = 24E890291BF68BD800E2503F /* Assets.xcassets */; };
		24E8902D1BF68BD800E2503F /* LaunchScreen.storyboard in Resources */ = {isa = PBXBuildFile; fileRef = 24E8902B1BF68BD800E2503F /* LaunchScreen.storyboard */; };
/* End PBXBuildFile section */

/* Begin PBXFileReference section */
		24E8901A1BF68BD800E2503F /* AccelerometerAndMition.app */ = {isa = PBXFileReference; explicitFileType = wrapper.application; includeInIndex = 0; path = AccelerometerAndMition.app; sourceTree = BUILT_PRODUCTS_DIR; };
		24E8901E1BF68BD800E2503F /* main.m */ = {isa = PBXFileReference; lastKnownFileType = sourcecode.c.objc; path = main.m; sourceTree = "<group>"; };
		24E890201BF68BD800E2503F /* AppDelegate.h */ = {isa = PBXFileReference; lastKnownFileType = sourcecode.c.h; path = AppDelegate.h; sourceTree = "<group>"; };
		24E890211BF68BD800E2503F /* AppDelegate.m */ = {isa = PBXFileReference; lastKnownFileType = sourcecode.c.objc; path = AppDelegate.m; sourceTree = "<group>"; };
		24E890231BF68BD800E2503F /* ViewController.h */ = {isa = PBXFileReference; lastKnownFileType = sourcecode.c.h; path = ViewController.h; sourceTree = "<group>"; };
		24E890241BF68BD800E2503F /* ViewController.m */ = {isa = PBXFileReference; lastKnownFileType = sourcecode.c.objc; path = ViewController.m; sourceTree = "<group>"; };
		24E890271BF68BD800E2503F /* Base */ = {isa = PBXFileReference; lastKnownFileType = file.storyboard; name = Base; path = Base.lproj/Main.storyboard; sourceTree = "<group>"; };
		24E890291BF68BD800E2503F /* Assets.xcassets */ = {isa = PBXFileReference; lastKnownFileType = folder.assetcatalog; path = Assets.xcassets; sourceTree = "<group>"; };
		24E8902C1BF68BD800E2503F /* Base */ = {isa = PBXFileReference; lastKnownFileType = file.storyboard; name = Base; path = Base.lproj/LaunchScreen.storyboard; sourceTree = "<group>"; };
		24E8902E1BF68BD800E2503F /* Info.plist */ = {isa = PBXFileReference; lastKnownFileType = text.plist.xml; path = Info.plist; sourceTree = "<group>"; };
/* End PBXFileReference section */

/* Begin PBXFrameworksBuildPhase section */
		24E890171BF68BD800E2503F /* Frameworks */ = {
			isa = PBXFrameworksBuildPhase;
			buildActionMask = 2147483647;
			files = (
			);
			runOnlyForDeploymentPostprocessing = 0;
		};
/* End PBXFrameworksBuildPhase section */

/* Begin PBXGroup section */
		24E890111BF68BD800E2503F = {
			isa = PBXGroup;
			children = (
				24E8901C1BF68BD800E2503F /* AccelerometerAndMition */,
				24E8901B1BF68BD800E2503F /* Products */,
			);
			sourceTree = "<group>";
		};
		24E8901B1BF68BD800E2503F /* Products */ = {
			isa = PBXGroup;
			children = (
				24E8901A1BF68BD800E2503F /* AccelerometerAndMition.app */,
			);
			name = Products;
			sourceTree = "<group>";
		};
		24E8901C1BF68BD800E2503F /* AccelerometerAndMition */ = {
			isa = PBXGroup;
			children = (
				24E890201BF68BD800E2503F /* AppDelegate.h */,
				24E890211BF68BD800E2503F /* AppDelegate.m */,
				24E890231BF68BD800E2503F /* ViewController.h */,
				24E890241BF68BD800E2503F /* ViewController.m */,
				24E890261BF68BD800E2503F /* Main.storyboard */,
				24E890291BF68BD800E2503F /* Assets.xcassets */,
				24E8902B1BF68BD800E2503F /* LaunchScreen.storyboard */,
				24E8902E1BF68BD800E2503F /* Info.plist */,
				24E8901D1BF68BD800E2503F /* Supporting Files */,
			);
			path = AccelerometerAndMition;
			sourceTree = "<group>";
		};
		24E8901D1BF68BD800E2503F /* Supporting Files */ = {
			isa = PBXGroup;
			children = (
				24E8901E1BF68BD800E2503F /* main.m */,
			);
			name = "Supporting Files";
			sourceTree = "<group>";
		};
/* End PBXGroup section */

/* Begin PBXNativeTarget section */
		24E890191BF68BD800E2503F /* AccelerometerAndMition */ = {
			isa = PBXNativeTarget;
			buildConfigurationList = 24E890311BF68BD800E2503F /* Build configuration list for PBXNativeTarget "AccelerometerAndMition" */;
			buildPhases = (
				24E890161BF68BD800E2503F /* Sources */,
				24E890171BF68BD800E2503F /* Frameworks */,
				24E890181BF68BD800E2503F /* Resources */,
			);
			buildRules = (
			);
			dependencies = (
			);
			name = AccelerometerAndMition;
			productName = AccelerometerAndMition;
			productReference = 24E8901A1BF68BD800E2503F /* AccelerometerAndMition.app */;
			productType = "com.apple.product-type.application";
		};
/* End PBXNativeTarget section */

/* Begin PBXProject section */
		24E890121BF68BD800E2503F /* Project object */ = {
			isa = PBXProject;
			attributes = {
				LastUpgradeCheck = 0700;
				ORGANIZATIONNAME = Tsz;
				TargetAttributes = {
					24E890191BF68BD800E2503F = {
						CreatedOnToolsVersion = 7.0;
						DevelopmentTeam = 99ZGZU86WH;
					};
				};
			};
			buildConfigurationList = 24E890151BF68BD800E2503F /* Build configuration list for PBXProject "AccelerometerAndMition" */;
			compatibilityVersion = "Xcode 3.2";
			developmentRegion = English;
			hasScannedForEncodings = 0;
			knownRegions = (
				en,
				Base,
			);
			mainGroup = 24E890111BF68BD800E2503F;
			productRefGroup = 24E8901B1BF68BD800E2503F /* Products */;
			projectDirPath = "";
			projectRoot = "";
			targets = (
				24E890191BF68BD800E2503F /* AccelerometerAndMition */,
			);
		};
/* End PBXProject section */

/* Begin PBXResourcesBuildPhase section */
		24E890181BF68BD800E2503F /* Resources */ = {
			isa = PBXResourcesBuildPhase;
			buildActionMask = 2147483647;
			files = (
				24E8902D1BF68BD800E2503F /* LaunchScreen.storyboard in Resources */,
				24E8902A1BF68BD800E2503F /* Assets.xcassets in Resources */,
				24E890281BF68BD800E2503F /* Main.storyboard in Resources */,
			);
			runOnlyForDeploymentPostprocessing = 0;
		};
/* End PBXResourcesBuildPhase section */

/* Begin PBXSourcesBuildPhase section */
		24E890161BF68BD800E2503F /* Sources */ = {
			isa = PBXSourcesBuildPhase;
			buildActionMask = 2147483647;
			files = (
				24E890251BF68BD800E2503F /* ViewController.m in Sources */,
				24E890221BF68BD800E2503F /* AppDelegate.m in Sources */,
				24E8901F1BF68BD800E2503F /* main.m in Sources */,
			);
			runOnlyForDeploymentPostprocessing = 0;
		};
/* End PBXSourcesBuildPhase section */

/* Begin PBXVariantGroup section */
		24E890261BF68BD800E2503F /* Main.storyboard */ = {
			isa = PBXVariantGroup;
			children = (
				24E890271BF68BD800E2503F /* Base */,
			);
			name = Main.storyboard;
			sourceTree = "<group>";
		};
		24E8902B1BF68BD800E2503F /* LaunchScreen.storyboard */ = {
			isa = PBXVariantGroup;
			children = (
				24E8902C1BF68BD800E2503F /* Base */,
			);
			name = LaunchScreen.storyboard;
			sourceTree = "<group>";
		};
/* End PBXVariantGroup section */

/* Begin XCBuildConfiguration section */
		24E8902F1BF68BD800E2503F /* Debug */ = {
			isa = XCBuildConfiguration;
			buildSettings = {
				ALWAYS_SEARCH_USER_PATHS = NO;
				CLANG_CXX_LANGUAGE_STANDARD = "gnu++0x";
				CLANG_CXX_LIBRARY = "libc++";
				CLANG_ENABLE_MODULES = YES;
				CLANG_ENABLE_OBJC_ARC = YES;
				CLANG_WARN_BOOL_CONVERSION = YES;
				CLANG_WARN_CONSTANT_CONVERSION = YES;
				CLANG_WARN_DIRECT_OBJC_ISA_USAGE = YES_ERROR;
				CLANG_WARN_EMPTY_BODY = YES;
				CLANG_WARN_ENUM_CONVERSION = YES;
				CLANG_WARN_INT_CONVERSION = YES;
				CLANG_WARN_OBJC_ROOT_CLASS = YES_ERROR;
				CLANG_WARN_UNREACHABLE_CODE = YES;
				CLANG_WARN__DUPLICATE_METHOD_MATCH = YES;
				"CODE_SIGN_IDENTITY[sdk=iphoneos*]" = "iPhone Developer";
				COPY_PHASE_STRIP = NO;
				DEBUG_INFORMATION_FORMAT = dwarf;
				ENABLE_STRICT_OBJC_MSGSEND = YES;
				ENABLE_TESTABILITY = YES;
				GCC_C_LANGUAGE_STANDARD = gnu99;
				GCC_DYNAMIC_NO_PIC = NO;
				GCC_NO_COMMON_BLOCKS = YES;
				GCC_OPTIMIZATION_LEVEL = 0;
				GCC_PREPROCESSOR_DEFINITIONS = (
					"DEBUG=1",
					"$(inherited)",
				);
				GCC_WARN_64_TO_32_BIT_CONVERSION = YES;
				GCC_WARN_ABOUT_RETURN_TYPE = YES_ERROR;
				GCC_WARN_UNDECLARED_SELECTOR = YES;
				GCC_WARN_UNINITIALIZED_AUTOS = YES_AGGRESSIVE;
				GCC_WARN_UNUSED_FUNCTION = YES;
				GCC_WARN_UNUSED_VARIABLE = YES;
				IPHONEOS_DEPLOYMENT_TARGET = 9.0;
				MTL_ENABLE_DEBUG_INFO = YES;
				ONLY_ACTIVE_ARCH = YES;
				SDKROOT = iphoneos;
				TARGETED_DEVICE_FAMILY = "1,2";
			};
			name = Debug;
		};
		24E890301BF68BD800E2503F /* Release */ = {
			isa = XCBuildConfiguration;
			buildSettings = {
				ALWAYS_SEARCH_USER_PATHS = NO;
				CLANG_CXX_LANGUAGE_STANDARD = "gnu++0x";
				CLANG_CXX_LIBRARY = "libc++";
				CLANG_ENABLE_MODULES = YES;
				CLANG_ENABLE_OBJC_ARC = YES;
				CLANG_WARN_BOOL_CONVERSION = YES;
				CLANG_WARN_CONSTANT_CONVERSION = YES;
				CLANG_WARN_DIRECT_OBJC_ISA_USAGE = YES_ERROR;
				CLANG_WARN_EMPTY_BODY = YES;
				CLANG_WARN_ENUM_CONVERSION = YES;
				CLANG_WARN_INT_CONVERSION = YES;
				CLANG_WARN_OBJC_ROOT_CLASS = YES_ERROR;
				CLANG_WARN_UNREACHABLE_CODE = YES;
				CLANG_WARN__DUPLICATE_METHOD_MATCH = YES;
				"CODE_SIGN_IDENTITY[sdk=iphoneos*]" = "iPhone Developer";
				COPY_PHASE_STRIP = NO;
				DEBUG_INFORMATION_FORMAT = "dwarf-with-dsym";
				ENABLE_NS_ASSERTIONS = NO;
				ENABLE_STRICT_OBJC_MSGSEND = YES;
				GCC_C_LANGUAGE_STANDARD = gnu99;
				GCC_NO_COMMON_BLOCKS = YES;
				GCC_WARN_64_TO_32_BIT_CONVERSION = YES;
				GCC_WARN_ABOUT_RETURN_TYPE = YES_ERROR;
				GCC_WARN_UNDECLARED_SELECTOR = YES;
				GCC_WARN_UNINITIALIZED_AUTOS = YES_AGGRESSIVE;
				GCC_WARN_UNUSED_FUNCTION = YES;
				GCC_WARN_UNUSED_VARIABLE = YES;
				IPHONEOS_DEPLOYMENT_TARGET = 9.0;
				MTL_ENABLE_DEBUG_INFO = NO;
				SDKROOT = iphoneos;
				TARGETED_DEVICE_FAMILY = "1,2";
				VALIDATE_PRODUCT = YES;
			};
			name = Release;
		};
		24E890321BF68BD800E2503F /* Debug */ = {
			isa = XCBuildConfiguration;
			buildSettings = {
				ASSETCATALOG_COMPILER_APPICON_NAME = AppIcon;
				INFOPLIST_FILE = AccelerometerAndMition/Info.plist;
				IPHONEOS_DEPLOYMENT_TARGET = 9.0;
				LD_RUNPATH_SEARCH_PATHS = "$(inherited) @executable_path/Frameworks";
				PRODUCT_BUNDLE_IDENTIFIER = tsz.AccelerometerAndMition;
				PRODUCT_NAME = "$(TARGET_NAME)";
			};
			name = Debug;
		};
		24E890331BF68BD800E2503F /* Release */ = {
			isa = XCBuildConfiguration;
			buildSettings = {
				ASSETCATALOG_COMPILER_APPICON_NAME = AppIcon;
				INFOPLIST_FILE = AccelerometerAndMition/Info.plist;
				IPHONEOS_DEPLOYMENT_TARGET = 9.0;
				LD_RUNPATH_SEARCH_PATHS = "$(inherited) @executable_path/Frameworks";
				PRODUCT_BUNDLE_IDENTIFIER = tsz.AccelerometerAndMition;
				PRODUCT_NAME = "$(TARGET_NAME)";
			};
			name = Release;
		};
/* End XCBuildConfiguration section */

/* Begin XCConfigurationList section */
		24E890151BF68BD800E2503F /* Build configuration list for PBXProject "AccelerometerAndMition" */ = {
			isa = XCConfigurationList;
			buildConfigurations = (
				24E8902F1BF68BD800E2503F /* Debug */,
				24E890301BF68BD800E2503F /* Release */,
			);
			defaultConfigurationIsVisible = 0;
			defaultConfigurationName = Release;
		};
		24E890311BF68BD800E2503F /* Build configuration list for PBXNativeTarget "AccelerometerAndMition" */ = {
			isa = XCConfigurationList;
			buildConfigurations = (
				24E890321BF68BD800E2503F /* Debug */,
				24E890331BF68BD800E2503F /* Release */,
			);
			defaultConfigurationIsVisible = 0;
		};
/* End XCConfigurationList section */
	};
	rootObject = 24E890121BF68BD800E2503F /* Project object */;
}
